
Microsoft Visual Studio Solution File, Format Version 12.00
Project("{FAE04EC0-301F-11D3-BF4B-00C04F79EFBC}") = "AlgorithmsPractise", "AlgorithmsPractise\AlgorithmsPractise.csproj", "{A5ABDE69-7EA2-488C-A502-ACDFF5896CF5}"
EndProject
Project("{FAE04EC0-301F-11D3-BF4B-00C04F79EFBC}") = "Tests", "Tests\Tests.csproj", "{DFAB15D3-E24C-4F4B-8680-BBA5ACB15444}"
EndProject
Global
	GlobalSection(SolutionConfigurationPlatforms) = preSolution
		Debug|Any CPU = Debug|Any CPU
		Release|Any CPU = Release|Any CPU
	EndGlobalSection
	GlobalSection(ProjectConfigurationPlatforms) = postSolution
		{A5ABDE69-7EA2-488C-A502-ACDFF5896CF5}.Debug|Any CPU.ActiveCfg = Debug|Any CPU
		{A5ABDE69-7EA2-488C-A502-ACDFF5896CF5}.Debug|Any CPU.Build.0 = Debug|Any CPU
		{A5ABDE69-7EA2-488C-A502-ACDFF5896CF5}.Release|Any CPU.ActiveCfg = Release|Any CPU
		{A5ABDE69-7EA2-488C-A502-ACDFF5896CF5}.Release|Any CPU.Build.0 = Release|Any CPU
		{DFAB15D3-E24C-4F4B-8680-BBA5ACB15444}.Debug|Any CPU.ActiveCfg = Debug|Any CPU
		{DFAB15D3-E24C-4F4B-8680-BBA5ACB15444}.Debug|Any CPU.Build.0 = Debug|Any CPU
		{DFAB15D3-E24C-4F4B-8680-BBA5ACB15444}.Release|Any CPU.ActiveCfg = Release|Any CPU
		{DFAB15D3-E24C-4F4B-8680-BBA5ACB15444}.Release|Any CPU.Build.0 = Release|Any CPU
	EndGlobalSection
EndGlobal
